
Microsoft Visual Studio Solution File, Format Version 12.00
# Visual Studio Version 17
VisualStudioVersion = 17.6.33815.320
MinimumVisualStudioVersion = 10.0.40219.1
Project("{FAE04EC0-301F-11D3-BF4B-00C04F79EFBC}") = "RolesUsuario", "RolesUsuario.csproj", "{AD9E9736-A3F3-4E3A-A44C-B15931E20AD4}"
EndProject
Global
	GlobalSection(SolutionConfigurationPlatforms) = preSolution
		Debug|Any CPU = Debug|Any CPU
		Release|Any CPU = Release|Any CPU
	EndGlobalSection
	GlobalSection(ProjectConfigurationPlatforms) = postSolution
		{AD9E9736-A3F3-4E3A-A44C-B15931E20AD4}.Debug|Any CPU.ActiveCfg = Debug|Any CPU
		{AD9E9736-A3F3-4E3A-A44C-B15931E20AD4}.Debug|Any CPU.Build.0 = Debug|Any CPU
		{AD9E9736-A3F3-4E3A-A44C-B15931E20AD4}.Release|Any CPU.ActiveCfg = Release|Any CPU
		{AD9E9736-A3F3-4E3A-A44C-B15931E20AD4}.Release|Any CPU.Build.0 = Release|Any CPU
	EndGlobalSection
	GlobalSection(SolutionProperties) = preSolution
		HideSolutionNode = FALSE
	EndGlobalSection
	GlobalSection(ExtensibilityGlobals) = postSolution
		SolutionGuid = {5B61DE69-31C1-4011-89F4-AB47A2EE99F6}
	EndGlobalSection
EndGlobal
